
Microsoft Visual Studio Solution File, Format Version 12.00
# Visual Studio Version 17
VisualStudioVersion = 17.10.35027.167
MinimumVisualStudioVersion = 10.0.40219.1
Project("{9A19103F-16F7-4668-BE54-9A1E7A4F7556}") = "DependencyInyection", "DependencyInyection\DependencyInyection.csproj", "{A21BE8D9-8D75-4F59-BA9C-78059C1508B5}"
EndProject
Project("{9A19103F-16F7-4668-BE54-9A1E7A4F7556}") = "BusinessLogic", "BusinessLogic\BusinessLogic.csproj", "{876ED4D0-1500-4FB5-A8EE-E76CBBC8F493}"
EndProject
Project("{9A19103F-16F7-4668-BE54-9A1E7A4F7556}") = "IBusinessLogic", "IBusinessLogic\IBusinessLogic.csproj", "{C1A56D4D-37DE-4B8C-95E5-889F357B1302}"
EndProject
Project("{9A19103F-16F7-4668-BE54-9A1E7A4F7556}") = "APIServiceFactory", "ServiceFactory\APIServiceFactory.csproj", "{43449E14-AB3A-4BA3-8613-8B04800624A2}"
EndProject
Project("{9A19103F-16F7-4668-BE54-9A1E7A4F7556}") = "Models", "Models\Models.csproj", "{0C47E19E-FC25-4978-9865-657436B1FD68}"
EndProject
Global
	GlobalSection(SolutionConfigurationPlatforms) = preSolution
		Debug|Any CPU = Debug|Any CPU
		Release|Any CPU = Release|Any CPU
	EndGlobalSection
	GlobalSection(ProjectConfigurationPlatforms) = postSolution
		{A21BE8D9-8D75-4F59-BA9C-78059C1508B5}.Debug|Any CPU.ActiveCfg = Debug|Any CPU
		{A21BE8D9-8D75-4F59-BA9C-78059C1508B5}.Debug|Any CPU.Build.0 = Debug|Any CPU
		{A21BE8D9-8D75-4F59-BA9C-78059C1508B5}.Release|Any CPU.ActiveCfg = Release|Any CPU
		{A21BE8D9-8D75-4F59-BA9C-78059C1508B5}.Release|Any CPU.Build.0 = Release|Any CPU
		{876ED4D0-1500-4FB5-A8EE-E76CBBC8F493}.Debug|Any CPU.ActiveCfg = Debug|Any CPU
		{876ED4D0-1500-4FB5-A8EE-E76CBBC8F493}.Debug|Any CPU.Build.0 = Debug|Any CPU
		{876ED4D0-1500-4FB5-A8EE-E76CBBC8F493}.Release|Any CPU.ActiveCfg = Release|Any CPU
		{876ED4D0-1500-4FB5-A8EE-E76CBBC8F493}.Release|Any CPU.Build.0 = Release|Any CPU
		{C1A56D4D-37DE-4B8C-95E5-889F357B1302}.Debug|Any CPU.ActiveCfg = Debug|Any CPU
		{C1A56D4D-37DE-4B8C-95E5-889F357B1302}.Debug|Any CPU.Build.0 = Debug|Any CPU
		{C1A56D4D-37DE-4B8C-95E5-889F357B1302}.Release|Any CPU.ActiveCfg = Release|Any CPU
		{C1A56D4D-37DE-4B8C-95E5-889F357B1302}.Release|Any CPU.Build.0 = Release|Any CPU
		{43449E14-AB3A-4BA3-8613-8B04800624A2}.Debug|Any CPU.ActiveCfg = Debug|Any CPU
		{43449E14-AB3A-4BA3-8613-8B04800624A2}.Debug|Any CPU.Build.0 = Debug|Any CPU
		{43449E14-AB3A-4BA3-8613-8B04800624A2}.Release|Any CPU.ActiveCfg = Release|Any CPU
		{43449E14-AB3A-4BA3-8613-8B04800624A2}.Release|Any CPU.Build.0 = Release|Any CPU
		{0C47E19E-FC25-4978-9865-657436B1FD68}.Debug|Any CPU.ActiveCfg = Debug|Any CPU
		{0C47E19E-FC25-4978-9865-657436B1FD68}.Debug|Any CPU.Build.0 = Debug|Any CPU
		{0C47E19E-FC25-4978-9865-657436B1FD68}.Release|Any CPU.ActiveCfg = Release|Any CPU
		{0C47E19E-FC25-4978-9865-657436B1FD68}.Release|Any CPU.Build.0 = Release|Any CPU
	EndGlobalSection
	GlobalSection(SolutionProperties) = preSolution
		HideSolutionNode = FALSE
	EndGlobalSection
	GlobalSection(ExtensibilityGlobals) = postSolution
		SolutionGuid = {34BC4DB6-8D46-45CE-ACA6-D4CE7E46C865}
	EndGlobalSection
EndGlobal
